// !$*UTF8*$!
{
	archiveVersion = 1;
	classes = {
	};
	objectVersion = 56;
	objects = {

/* Begin PBXBuildFile section */
		A00000000000000000000401 /* TroublemakerIOSApp.swift in Sources */ = {isa = PBXBuildFile; fileRef = A00000000000000000000301 /* TroublemakerIOSApp.swift */; };
		A00000000000000000000402 /* AppViewModel.swift in Sources */ = {isa = PBXBuildFile; fileRef = A00000000000000000000302 /* AppViewModel.swift */; };
		A00000000000000000000403 /* OAuthClient.swift in Sources */ = {isa = PBXBuildFile; fileRef = A00000000000000000000303 /* OAuthClient.swift */; };
		A00000000000000000000404 /* TokenStore.swift in Sources */ = {isa = PBXBuildFile; fileRef = A00000000000000000000304 /* TokenStore.swift */; };
		A00000000000000000000405 /* ApiClient.swift in Sources */ = {isa = PBXBuildFile; fileRef = A00000000000000000000305 /* ApiClient.swift */; };
		A00000000000000000000406 /* Models.swift in Sources */ = {isa = PBXBuildFile; fileRef = A00000000000000000000306 /* Models.swift */; };
		A00000000000000000000407 /* SSEClient.swift in Sources */ = {isa = PBXBuildFile; fileRef = A00000000000000000000307 /* SSEClient.swift */; };
		A00000000000000000000408 /* AwarenessStream.swift in Sources */ = {isa = PBXBuildFile; fileRef = A00000000000000000000308 /* AwarenessStream.swift */; };
		A00000000000000000000409 /* MessageStream.swift in Sources */ = {isa = PBXBuildFile; fileRef = A00000000000000000000309 /* MessageStream.swift */; };
		A00000000000000000000410 /* RootView.swift in Sources */ = {isa = PBXBuildFile; fileRef = A00000000000000000000310 /* RootView.swift */; };
		A00000000000000000000411 /* LoginView.swift in Sources */ = {isa = PBXBuildFile; fileRef = A00000000000000000000311 /* LoginView.swift */; };
		A00000000000000000000412 /* AgentListView.swift in Sources */ = {isa = PBXBuildFile; fileRef = A00000000000000000000312 /* AgentListView.swift */; };
		A00000000000000000000413 /* AgentDetailView.swift in Sources */ = {isa = PBXBuildFile; fileRef = A00000000000000000000313 /* AgentDetailView.swift */; };
		A00000000000000000000414 /* ChatView.swift in Sources */ = {isa = PBXBuildFile; fileRef = A00000000000000000000314 /* ChatView.swift */; };
		A00000000000000000000415 /* FilesView.swift in Sources */ = {isa = PBXBuildFile; fileRef = A00000000000000000000315 /* FilesView.swift */; };
		A00000000000000000000416 /* PreviewView.swift in Sources */ = {isa = PBXBuildFile; fileRef = A00000000000000000000316 /* PreviewView.swift */; };
		A00000000000000000000417 /* Awareness.swift in Sources */ = {isa = PBXBuildFile; fileRef = A00000000000000000000317 /* Awareness.swift */; };
		A00000000000000000000418 /* MessageDelta.swift in Sources */ = {isa = PBXBuildFile; fileRef = A00000000000000000000318 /* MessageDelta.swift */; };
/* End PBXBuildFile section */

/* Begin PBXFileReference section */
		A00000000000000000000101 /* Troublemaker.app */ = {isa = PBXFileReference; explicitFileType = wrapper.application; includeInIndex = 0; path = Troublemaker.app; sourceTree = BUILT_PRODUCTS_DIR; };
		A00000000000000000000301 /* TroublemakerIOSApp.swift */ = {isa = PBXFileReference; lastKnownFileType = sourcecode.swift; path = TroublemakerIOSApp.swift; sourceTree = "<group>"; };
		A00000000000000000000302 /* AppViewModel.swift */ = {isa = PBXFileReference; lastKnownFileType = sourcecode.swift; path = AppViewModel.swift; sourceTree = "<group>"; };
		A00000000000000000000303 /* OAuthClient.swift */ = {isa = PBXFileReference; lastKnownFileType = sourcecode.swift; path = OAuthClient.swift; sourceTree = "<group>"; };
		A00000000000000000000304 /* TokenStore.swift */ = {isa = PBXFileReference; lastKnownFileType = sourcecode.swift; path = TokenStore.swift; sourceTree = "<group>"; };
		A00000000000000000000305 /* ApiClient.swift */ = {isa = PBXFileReference; lastKnownFileType = sourcecode.swift; path = ApiClient.swift; sourceTree = "<group>"; };
		A00000000000000000000306 /* Models.swift */ = {isa = PBXFileReference; lastKnownFileType = sourcecode.swift; path = Models.swift; sourceTree = "<group>"; };
		A00000000000000000000307 /* SSEClient.swift */ = {isa = PBXFileReference; lastKnownFileType = sourcecode.swift; path = SSEClient.swift; sourceTree = "<group>"; };
		A00000000000000000000308 /* AwarenessStream.swift */ = {isa = PBXFileReference; lastKnownFileType = sourcecode.swift; path = AwarenessStream.swift; sourceTree = "<group>"; };
		A00000000000000000000309 /* MessageStream.swift */ = {isa = PBXFileReference; lastKnownFileType = sourcecode.swift; path = MessageStream.swift; sourceTree = "<group>"; };
		A00000000000000000000310 /* RootView.swift */ = {isa = PBXFileReference; lastKnownFileType = sourcecode.swift; path = RootView.swift; sourceTree = "<group>"; };
		A00000000000000000000311 /* LoginView.swift */ = {isa = PBXFileReference; lastKnownFileType = sourcecode.swift; path = LoginView.swift; sourceTree = "<group>"; };
		A00000000000000000000312 /* AgentListView.swift */ = {isa = PBXFileReference; lastKnownFileType = sourcecode.swift; path = AgentListView.swift; sourceTree = "<group>"; };
		A00000000000000000000313 /* AgentDetailView.swift */ = {isa = PBXFileReference; lastKnownFileType = sourcecode.swift; path = AgentDetailView.swift; sourceTree = "<group>"; };
		A00000000000000000000314 /* ChatView.swift */ = {isa = PBXFileReference; lastKnownFileType = sourcecode.swift; path = ChatView.swift; sourceTree = "<group>"; };
		A00000000000000000000315 /* FilesView.swift */ = {isa = PBXFileReference; lastKnownFileType = sourcecode.swift; path = FilesView.swift; sourceTree = "<group>"; };
		A00000000000000000000316 /* PreviewView.swift */ = {isa = PBXFileReference; lastKnownFileType = sourcecode.swift; path = PreviewView.swift; sourceTree = "<group>"; };
		A00000000000000000000317 /* Awareness.swift */ = {isa = PBXFileReference; lastKnownFileType = sourcecode.swift; path = Awareness.swift; sourceTree = "<group>"; };
		A00000000000000000000318 /* MessageDelta.swift */ = {isa = PBXFileReference; lastKnownFileType = sourcecode.swift; path = MessageDelta.swift; sourceTree = "<group>"; };
		A00000000000000000000320 /* Info.plist */ = {isa = PBXFileReference; lastKnownFileType = text.plist.xml; path = Info.plist; sourceTree = "<group>"; };
/* End PBXFileReference section */

/* Begin PBXFrameworksBuildPhase section */
		A00000000000000000000111 /* Frameworks */ = {
			isa = PBXFrameworksBuildPhase;
			buildActionMask = 2147483647;
			files = (
			);
			runOnlyForDeploymentPostprocessing = 0;
		};
/* End PBXFrameworksBuildPhase section */

/* Begin PBXGroup section */
		A00000000000000000000002 = {
			isa = PBXGroup;
			children = (
				A00000000000000000000004 /* App */,
				A00000000000000000000003 /* Products */,
			);
			sourceTree = "<group>";
		};
		A00000000000000000000003 /* Products */ = {
			isa = PBXGroup;
			children = (
				A00000000000000000000101 /* Troublemaker.app */,
			);
			name = Products;
			sourceTree = "<group>";
		};
		A00000000000000000000004 /* App */ = {
			isa = PBXGroup;
			children = (
				A00000000000000000000301 /* TroublemakerIOSApp.swift */,
				A00000000000000000000302 /* AppViewModel.swift */,
				A00000000000000000000007 /* Auth */,
				A00000000000000000000008 /* Api */,
				A00000000000000000000009 /* Streams */,
				A00000000000000000000010 /* Screens */,
				A00000000000000000000320 /* Info.plist */,
			);
			path = App;
			sourceTree = "<group>";
		};
		A00000000000000000000007 /* Auth */ = {
			isa = PBXGroup;
			children = (
				A00000000000000000000303 /* OAuthClient.swift */,
				A00000000000000000000304 /* TokenStore.swift */,
			);
			path = Auth;
			sourceTree = "<group>";
		};
		A00000000000000000000008 /* Api */ = {
			isa = PBXGroup;
			children = (
				A00000000000000000000305 /* ApiClient.swift */,
				A00000000000000000000306 /* Models.swift */,
				A00000000000000000000317 /* Awareness.swift */,
				A00000000000000000000318 /* MessageDelta.swift */,
			);
			path = Api;
			sourceTree = "<group>";
		};
		A00000000000000000000009 /* Streams */ = {
			isa = PBXGroup;
			children = (
				A00000000000000000000307 /* SSEClient.swift */,
				A00000000000000000000308 /* AwarenessStream.swift */,
				A00000000000000000000309 /* MessageStream.swift */,
			);
			path = Streams;
			sourceTree = "<group>";
		};
		A00000000000000000000010 /* Screens */ = {
			isa = PBXGroup;
			children = (
				A00000000000000000000310 /* RootView.swift */,
				A00000000000000000000311 /* LoginView.swift */,
				A00000000000000000000312 /* AgentListView.swift */,
				A00000000000000000000313 /* AgentDetailView.swift */,
				A00000000000000000000314 /* ChatView.swift */,
				A00000000000000000000315 /* FilesView.swift */,
				A00000000000000000000316 /* PreviewView.swift */,
			);
			path = Screens;
			sourceTree = "<group>";
		};
/* End PBXGroup section */

/* Begin PBXNativeTarget section */
		A00000000000000000000100 /* TroublemakerIOS */ = {
			isa = PBXNativeTarget;
			buildConfigurationList = A00000000000000000000606 /* Build configuration list for PBXNativeTarget "TroublemakerIOS" */;
			buildPhases = (
				A00000000000000000000110 /* Sources */,
				A00000000000000000000111 /* Frameworks */,
				A00000000000000000000112 /* Resources */,
			);
			buildRules = (
			);
			dependencies = (
			);
			name = TroublemakerIOS;
			productName = TroublemakerIOS;
			productReference = A00000000000000000000101 /* Troublemaker.app */;
			productType = "com.apple.product-type.application";
		};
/* End PBXNativeTarget section */

/* Begin PBXProject section */
		A00000000000000000000001 /* Project object */ = {
			isa = PBXProject;
			attributes = {
				BuildIndependentTargetsInParallel = 1;
				LastSwiftUpdateCheck = 1510;
				LastUpgradeCheck = 1510;
				TargetAttributes = {
					A00000000000000000000100 = {
						CreatedOnToolsVersion = 15.1;
					};
				};
			};
			buildConfigurationList = A00000000000000000000603 /* Build configuration list for PBXProject "TroublemakerIOS" */;
			compatibilityVersion = "Xcode 14.0";
			developmentRegion = en;
			hasScannedForEncodings = 0;
			knownRegions = (
				en,
				Base,
			);
			mainGroup = A00000000000000000000002;
			productRefGroup = A00000000000000000000003 /* Products */;
			projectDirPath = "";
			projectRoot = "";
			targets = (
				A00000000000000000000100 /* TroublemakerIOS */,
			);
		};
/* End PBXProject section */

/* Begin PBXResourcesBuildPhase section */
		A00000000000000000000112 /* Resources */ = {
			isa = PBXResourcesBuildPhase;
			buildActionMask = 2147483647;
			files = (
			);
			runOnlyForDeploymentPostprocessing = 0;
		};
/* End PBXResourcesBuildPhase section */

/* Begin PBXSourcesBuildPhase section */
		A00000000000000000000110 /* Sources */ = {
			isa = PBXSourcesBuildPhase;
			buildActionMask = 2147483647;
			files = (
				A00000000000000000000401 /* TroublemakerIOSApp.swift in Sources */,
				A00000000000000000000402 /* AppViewModel.swift in Sources */,
				A00000000000000000000403 /* OAuthClient.swift in Sources */,
				A00000000000000000000404 /* TokenStore.swift in Sources */,
				A00000000000000000000405 /* ApiClient.swift in Sources */,
				A00000000000000000000406 /* Models.swift in Sources */,
				A00000000000000000000407 /* SSEClient.swift in Sources */,
				A00000000000000000000408 /* AwarenessStream.swift in Sources */,
				A00000000000000000000409 /* MessageStream.swift in Sources */,
				A00000000000000000000410 /* RootView.swift in Sources */,
				A00000000000000000000411 /* LoginView.swift in Sources */,
				A00000000000000000000412 /* AgentListView.swift in Sources */,
				A00000000000000000000413 /* AgentDetailView.swift in Sources */,
				A00000000000000000000414 /* ChatView.swift in Sources */,
				A00000000000000000000415 /* FilesView.swift in Sources */,
				A00000000000000000000416 /* PreviewView.swift in Sources */,
				A00000000000000000000417 /* Awareness.swift in Sources */,
				A00000000000000000000418 /* MessageDelta.swift in Sources */,
			);
			runOnlyForDeploymentPostprocessing = 0;
		};
/* End PBXSourcesBuildPhase section */

/* Begin XCBuildConfiguration section */
		A00000000000000000000601 /* Debug */ = {
			isa = XCBuildConfiguration;
			buildSettings = {
				ALWAYS_SEARCH_USER_PATHS = NO;
				CLANG_ANALYZER_NONNULL = YES;
				CLANG_ANALYZER_NUMBER_OBJECT_CONVERSION = YES_AGGRESSIVE;
				CLANG_CXX_LANGUAGE_STANDARD = "gnu++20";
				CLANG_ENABLE_MODULES = YES;
				CLANG_ENABLE_OBJC_ARC = YES;
				CLANG_ENABLE_OBJC_WEAK = YES;
				CLANG_WARN_BLOCK_CAPTURE_AUTORELEASING = YES;
				CLANG_WARN_BOOL_CONVERSION = YES;
				CLANG_WARN_COMMA = YES;
				CLANG_WARN_CONSTANT_CONVERSION = YES;
				CLANG_WARN_DEPRECATED_OBJC_IMPLEMENTATIONS = YES;
				CLANG_WARN_DIRECT_OBJC_ISA_USAGE = YES_ERROR;
				CLANG_WARN_DOCUMENTATION_COMMENTS = YES;
				CLANG_WARN_EMPTY_BODY = YES;
				CLANG_WARN_ENUM_CONVERSION = YES;
				CLANG_WARN_INFINITE_RECURSION = YES;
				CLANG_WARN_INT_CONVERSION = YES;
				CLANG_WARN_NON_LITERAL_NULL_CONVERSION = YES;
				CLANG_WARN_OBJC_IMPLICIT_RETAIN_SELF = YES;
				CLANG_WARN_OBJC_LITERAL_CONVERSION = YES;
				CLANG_WARN_OBJC_ROOT_CLASS = YES_ERROR;
				CLANG_WARN_QUOTED_INCLUDE_IN_FRAMEWORK_HEADER = YES;
				CLANG_WARN_RANGE_LOOP_ANALYSIS = YES;
				CLANG_WARN_STRICT_PROTOTYPES = YES;
				CLANG_WARN_SUSPICIOUS_MOVE = YES;
				CLANG_WARN_UNGUARDED_AVAILABILITY = YES_AGGRESSIVE;
				CLANG_WARN_UNREACHABLE_CODE = YES;
				CLANG_WARN__DUPLICATE_METHOD_MATCH = YES;
				COPY_PHASE_STRIP = NO;
				DEBUG_INFORMATION_FORMAT = dwarf;
				ENABLE_STRICT_OBJC_MSGSEND = YES;
				ENABLE_TESTABILITY = YES;
				GCC_C_LANGUAGE_STANDARD = gnu17;
				GCC_DYNAMIC_NO_PIC = NO;
				GCC_NO_COMMON_BLOCKS = YES;
				GCC_OPTIMIZATION_LEVEL = 0;
				GCC_PREPROCESSOR_DEFINITIONS = (
					"DEBUG=1",
					"$(inherited)",
				);
				GCC_WARN_64_TO_32_BIT_CONVERSION = YES;
				GCC_WARN_ABOUT_RETURN_TYPE = YES_ERROR;
				GCC_WARN_UNDECLARED_SELECTOR = YES;
				GCC_WARN_UNINITIALIZED_AUTOS = YES_AGGRESSIVE;
				GCC_WARN_UNUSED_FUNCTION = YES;
				GCC_WARN_UNUSED_VARIABLE = YES;
				IPHONEOS_DEPLOYMENT_TARGET = 17.0;
				LOCALIZATION_PREFERS_STRING_CATALOGS = YES;
				MTL_ENABLE_DEBUG_INFO = INCLUDE_SOURCE;
				MTL_FAST_MATH = YES;
				ONLY_ACTIVE_ARCH = YES;
				SDKROOT = iphoneos;
				SWIFT_ACTIVE_COMPILATION_CONDITIONS = DEBUG;
				SWIFT_OPTIMIZATION_LEVEL = "-Onone";
				SWIFT_VERSION = 5.9;
			};
			name = Debug;
		};
		A00000000000000000000602 /* Release */ = {
			isa = XCBuildConfiguration;
			buildSettings = {
				ALWAYS_SEARCH_USER_PATHS = NO;
				CLANG_ANALYZER_NONNULL = YES;
				CLANG_ANALYZER_NUMBER_OBJECT_CONVERSION = YES_AGGRESSIVE;
				CLANG_CXX_LANGUAGE_STANDARD = "gnu++20";
				CLANG_ENABLE_MODULES = YES;
				CLANG_ENABLE_OBJC_ARC = YES;
				CLANG_ENABLE_OBJC_WEAK = YES;
				CLANG_WARN_BLOCK_CAPTURE_AUTORELEASING = YES;
				CLANG_WARN_BOOL_CONVERSION = YES;
				CLANG_WARN_COMMA = YES;
				CLANG_WARN_CONSTANT_CONVERSION = YES;
				CLANG_WARN_DEPRECATED_OBJC_IMPLEMENTATIONS = YES;
				CLANG_WARN_DIRECT_OBJC_ISA_USAGE = YES_ERROR;
				CLANG_WARN_DOCUMENTATION_COMMENTS = YES;
				CLANG_WARN_EMPTY_BODY = YES;
				CLANG_WARN_ENUM_CONVERSION = YES;
				CLANG_WARN_INFINITE_RECURSION = YES;
				CLANG_WARN_INT_CONVERSION = YES;
				CLANG_WARN_NON_LITERAL_NULL_CONVERSION = YES;
				CLANG_WARN_OBJC_IMPLICIT_RETAIN_SELF = YES;
				CLANG_WARN_OBJC_LITERAL_CONVERSION = YES;
				CLANG_WARN_OBJC_ROOT_CLASS = YES_ERROR;
				CLANG_WARN_QUOTED_INCLUDE_IN_FRAMEWORK_HEADER = YES;
				CLANG_WARN_RANGE_LOOP_ANALYSIS = YES;
				CLANG_WARN_STRICT_PROTOTYPES = YES;
				CLANG_WARN_SUSPICIOUS_MOVE = YES;
				CLANG_WARN_UNGUARDED_AVAILABILITY = YES_AGGRESSIVE;
				CLANG_WARN_UNREACHABLE_CODE = YES;
				CLANG_WARN__DUPLICATE_METHOD_MATCH = YES;
				COPY_PHASE_STRIP = NO;
				DEBUG_INFORMATION_FORMAT = "dwarf-with-dsym";
				ENABLE_NS_ASSERTIONS = NO;
				ENABLE_STRICT_OBJC_MSGSEND = YES;
				GCC_C_LANGUAGE_STANDARD = gnu17;
				GCC_NO_COMMON_BLOCKS = YES;
				GCC_WARN_64_TO_32_BIT_CONVERSION = YES;
				GCC_WARN_ABOUT_RETURN_TYPE = YES_ERROR;
				GCC_WARN_UNDECLARED_SELECTOR = YES;
				GCC_WARN_UNINITIALIZED_AUTOS = YES_AGGRESSIVE;
				GCC_WARN_UNUSED_FUNCTION = YES;
				GCC_WARN_UNUSED_VARIABLE = YES;
				IPHONEOS_DEPLOYMENT_TARGET = 17.0;
				LOCALIZATION_PREFERS_STRING_CATALOGS = YES;
				MTL_ENABLE_DEBUG_INFO = NO;
				MTL_FAST_MATH = YES;
				SDKROOT = iphoneos;
				SWIFT_COMPILATION_MODE = wholemodule;
				SWIFT_OPTIMIZATION_LEVEL = "-O";
				SWIFT_VERSION = 5.9;
				VALIDATE_PRODUCT = YES;
			};
			name = Release;
		};
		A00000000000000000000604 /* Debug */ = {
			isa = XCBuildConfiguration;
			buildSettings = {
				CODE_SIGN_STYLE = Automatic;
				CURRENT_PROJECT_VERSION = 1;
				DEVELOPMENT_TEAM = "";
				GENERATE_INFOPLIST_FILE = NO;
				INFOPLIST_FILE = App/Info.plist;
				LD_RUNPATH_SEARCH_PATHS = (
					"$(inherited)",
					"@executable_path/Frameworks",
				);
				MARKETING_VERSION = 0.1.0;
				PRODUCT_BUNDLE_IDENTIFIER = com.tinyfatco.troublemaker.ios;
				PRODUCT_NAME = Troublemaker;
				SUPPORTED_PLATFORMS = "iphoneos iphonesimulator";
				SUPPORTS_MACCATALYST = NO;
				SUPPORTS_MAC_DESIGNED_FOR_IPHONE_IPAD = NO;
				SWIFT_EMIT_LOC_STRINGS = YES;
				TARGETED_DEVICE_FAMILY = "1,2";
			};
			name = Debug;
		};
		A00000000000000000000605 /* Release */ = {
			isa = XCBuildConfiguration;
			buildSettings = {
				CODE_SIGN_STYLE = Automatic;
				CURRENT_PROJECT_VERSION = 1;
				DEVELOPMENT_TEAM = "";
				GENERATE_INFOPLIST_FILE = NO;
				INFOPLIST_FILE = App/Info.plist;
				LD_RUNPATH_SEARCH_PATHS = (
					"$(inherited)",
					"@executable_path/Frameworks",
				);
				MARKETING_VERSION = 0.1.0;
				PRODUCT_BUNDLE_IDENTIFIER = com.tinyfatco.troublemaker.ios;
				PRODUCT_NAME = Troublemaker;
				SUPPORTED_PLATFORMS = "iphoneos iphonesimulator";
				SUPPORTS_MACCATALYST = NO;
				SUPPORTS_MAC_DESIGNED_FOR_IPHONE_IPAD = NO;
				SWIFT_EMIT_LOC_STRINGS = YES;
				TARGETED_DEVICE_FAMILY = "1,2";
			};
			name = Release;
		};
/* End XCBuildConfiguration section */

/* Begin XCConfigurationList section */
		A00000000000000000000603 /* Build configuration list for PBXProject "TroublemakerIOS" */ = {
			isa = XCConfigurationList;
			buildConfigurations = (
				A00000000000000000000601 /* Debug */,
				A00000000000000000000602 /* Release */,
			);
			defaultConfigurationIsVisible = 0;
			defaultConfigurationName = Release;
		};
		A00000000000000000000606 /* Build configuration list for PBXNativeTarget "TroublemakerIOS" */ = {
			isa = XCConfigurationList;
			buildConfigurations = (
				A00000000000000000000604 /* Debug */,
				A00000000000000000000605 /* Release */,
			);
			defaultConfigurationIsVisible = 0;
			defaultConfigurationName = Release;
		};
/* End XCConfigurationList section */
	};
	rootObject = A00000000000000000000001 /* Project object */;
}
